Microsoft Visual Studio Solution File, Format Version 12.00
# Visual Studio 2012
Project("{FAE04EC0-301F-11D3-BF4B-00C04F79EFBC}") = "Primer-juego-2D", "Primer-juego-2D.csproj", "{E50C7DAF-68E9-4BE6-A617-CA4C2DB81ABC}"
EndProject
Global
	GlobalSection(SolutionConfigurationPlatforms) = preSolution
	Debug|Any CPU = Debug|Any CPU
	ExportDebug|Any CPU = ExportDebug|Any CPU
	ExportRelease|Any CPU = ExportRelease|Any CPU
	EndGlobalSection
	GlobalSection(ProjectConfigurationPlatforms) = postSolution
		{E50C7DAF-68E9-4BE6-A617-CA4C2DB81ABC}.Debug|Any CPU.ActiveCfg = Debug|Any CPU
		{E50C7DAF-68E9-4BE6-A617-CA4C2DB81ABC}.Debug|Any CPU.Build.0 = Debug|Any CPU
		{E50C7DAF-68E9-4BE6-A617-CA4C2DB81ABC}.ExportDebug|Any CPU.ActiveCfg = ExportDebug|Any CPU
		{E50C7DAF-68E9-4BE6-A617-CA4C2DB81ABC}.ExportDebug|Any CPU.Build.0 = ExportDebug|Any CPU
		{E50C7DAF-68E9-4BE6-A617-CA4C2DB81ABC}.ExportRelease|Any CPU.ActiveCfg = ExportRelease|Any CPU
		{E50C7DAF-68E9-4BE6-A617-CA4C2DB81ABC}.ExportRelease|Any CPU.Build.0 = ExportRelease|Any CPU
	EndGlobalSection
EndGlobal
